
Microsoft Visual Studio Solution File, Format Version 12.00
# Visual Studio Version 17
VisualStudioVersion = 17.11.35327.3
MinimumVisualStudioVersion = 10.0.40219.1
Project("{9A19103F-16F7-4668-BE54-9A1E7A4F7556}") = "lista_01", "lista_01\lista_01.csproj", "{E7068217-BF33-44FF-AFEA-19CE3D32911E}"
EndProject
Project("{9A19103F-16F7-4668-BE54-9A1E7A4F7556}") = "lista_02", "lista_02\lista_02.csproj", "{095D177B-0B31-4844-901F-4E7562E46481}"
EndProject
Project("{9A19103F-16F7-4668-BE54-9A1E7A4F7556}") = "lista_03", "lista_03\lista_03.csproj", "{23B825E9-9DDD-43C6-AD25-D74846EE3349}"
EndProject
Project("{9A19103F-16F7-4668-BE54-9A1E7A4F7556}") = "lista_04", "lista_04\lista_04.csproj", "{35A53634-FB25-418A-8D99-B3E59137D767}"
EndProject
Project("{9A19103F-16F7-4668-BE54-9A1E7A4F7556}") = "lista_05", "lista_05\lista_05.csproj", "{8BF9B3FA-E58C-4D27-9A5C-4EABBA1AF6A5}"
EndProject
Project("{9A19103F-16F7-4668-BE54-9A1E7A4F7556}") = "lista_06", "lista_06\lista_06.csproj", "{BED34B94-3FCB-4EEA-ABCB-5B6B88EAD97B}"
EndProject
Project("{9A19103F-16F7-4668-BE54-9A1E7A4F7556}") = "lista_07", "lista_07\lista_07.csproj", "{16C67BB9-E3E1-4332-9C52-34E3D71526CB}"
EndProject
Project("{9A19103F-16F7-4668-BE54-9A1E7A4F7556}") = "lista_08", "lista_08\lista_08.csproj", "{BB08FFB3-68EA-4D93-BC22-1BB7B85B797F}"
EndProject
Project("{9A19103F-16F7-4668-BE54-9A1E7A4F7556}") = "lista_09", "lista_09\lista_09.csproj", "{60D91BB7-E4F9-4C85-A45C-61DF4BAC91F6}"
EndProject
Project("{9A19103F-16F7-4668-BE54-9A1E7A4F7556}") = "lista_10", "lista_10\lista_10.csproj", "{BC3BAA63-5349-4772-AD21-490DE4A8AC02}"
EndProject
Project("{FAE04EC0-301F-11D3-BF4B-00C04F79EFBC}") = "teste_github", "teste_github\teste_github.csproj", "{936F49A1-C63B-4CD4-A1B0-4CA46441C00F}"
EndProject
Global
	GlobalSection(SolutionConfigurationPlatforms) = preSolution
		Debug|Any CPU = Debug|Any CPU
		Release|Any CPU = Release|Any CPU
	EndGlobalSection
	GlobalSection(ProjectConfigurationPlatforms) = postSolution
		{E7068217-BF33-44FF-AFEA-19CE3D32911E}.Debug|Any CPU.ActiveCfg = Debug|Any CPU
		{E7068217-BF33-44FF-AFEA-19CE3D32911E}.Debug|Any CPU.Build.0 = Debug|Any CPU
		{E7068217-BF33-44FF-AFEA-19CE3D32911E}.Release|Any CPU.ActiveCfg = Release|Any CPU
		{E7068217-BF33-44FF-AFEA-19CE3D32911E}.Release|Any CPU.Build.0 = Release|Any CPU
		{095D177B-0B31-4844-901F-4E7562E46481}.Debug|Any CPU.ActiveCfg = Debug|Any CPU
		{095D177B-0B31-4844-901F-4E7562E46481}.Debug|Any CPU.Build.0 = Debug|Any CPU
		{095D177B-0B31-4844-901F-4E7562E46481}.Release|Any CPU.ActiveCfg = Release|Any CPU
		{095D177B-0B31-4844-901F-4E7562E46481}.Release|Any CPU.Build.0 = Release|Any CPU
		{23B825E9-9DDD-43C6-AD25-D74846EE3349}.Debug|Any CPU.ActiveCfg = Debug|Any CPU
		{23B825E9-9DDD-43C6-AD25-D74846EE3349}.Debug|Any CPU.Build.0 = Debug|Any CPU
		{23B825E9-9DDD-43C6-AD25-D74846EE3349}.Release|Any CPU.ActiveCfg = Release|Any CPU
		{23B825E9-9DDD-43C6-AD25-D74846EE3349}.Release|Any CPU.Build.0 = Release|Any CPU
		{35A53634-FB25-418A-8D99-B3E59137D767}.Debug|Any CPU.ActiveCfg = Debug|Any CPU
		{35A53634-FB25-418A-8D99-B3E59137D767}.Debug|Any CPU.Build.0 = Debug|Any CPU
		{35A53634-FB25-418A-8D99-B3E59137D767}.Release|Any CPU.ActiveCfg = Release|Any CPU
		{35A53634-FB25-418A-8D99-B3E59137D767}.Release|Any CPU.Build.0 = Release|Any CPU
		{8BF9B3FA-E58C-4D27-9A5C-4EABBA1AF6A5}.Debug|Any CPU.ActiveCfg = Debug|Any CPU
		{8BF9B3FA-E58C-4D27-9A5C-4EABBA1AF6A5}.Debug|Any CPU.Build.0 = Debug|Any CPU
		{8BF9B3FA-E58C-4D27-9A5C-4EABBA1AF6A5}.Release|Any CPU.ActiveCfg = Release|Any CPU
		{8BF9B3FA-E58C-4D27-9A5C-4EABBA1AF6A5}.Release|Any CPU.Build.0 = Release|Any CPU
		{BED34B94-3FCB-4EEA-ABCB-5B6B88EAD97B}.Debug|Any CPU.ActiveCfg = Debug|Any CPU
		{BED34B94-3FCB-4EEA-ABCB-5B6B88EAD97B}.Debug|Any CPU.Build.0 = Debug|Any CPU
		{BED34B94-3FCB-4EEA-ABCB-5B6B88EAD97B}.Release|Any CPU.ActiveCfg = Release|Any CPU
		{BED34B94-3FCB-4EEA-ABCB-5B6B88EAD97B}.Release|Any CPU.Build.0 = Release|Any CPU
		{16C67BB9-E3E1-4332-9C52-34E3D71526CB}.Debug|Any CPU.ActiveCfg = Debug|Any CPU
		{16C67BB9-E3E1-4332-9C52-34E3D71526CB}.Debug|Any CPU.Build.0 = Debug|Any CPU
		{16C67BB9-E3E1-4332-9C52-34E3D71526CB}.Release|Any CPU.ActiveCfg = Release|Any CPU
		{16C67BB9-E3E1-4332-9C52-34E3D71526CB}.Release|Any CPU.Build.0 = Release|Any CPU
		{BB08FFB3-68EA-4D93-BC22-1BB7B85B797F}.Debug|Any CPU.ActiveCfg = Debug|Any CPU
		{BB08FFB3-68EA-4D93-BC22-1BB7B85B797F}.Debug|Any CPU.Build.0 = Debug|Any CPU
		{BB08FFB3-68EA-4D93-BC22-1BB7B85B797F}.Release|Any CPU.ActiveCfg = Release|Any CPU
		{BB08FFB3-68EA-4D93-BC22-1BB7B85B797F}.Release|Any CPU.Build.0 = Release|Any CPU
		{60D91BB7-E4F9-4C85-A45C-61DF4BAC91F6}.Debug|Any CPU.ActiveCfg = Debug|Any CPU
		{60D91BB7-E4F9-4C85-A45C-61DF4BAC91F6}.Debug|Any CPU.Build.0 = Debug|Any CPU
		{60D91BB7-E4F9-4C85-A45C-61DF4BAC91F6}.Release|Any CPU.ActiveCfg = Release|Any CPU
		{60D91BB7-E4F9-4C85-A45C-61DF4BAC91F6}.Release|Any CPU.Build.0 = Release|Any CPU
		{BC3BAA63-5349-4772-AD21-490DE4A8AC02}.Debug|Any CPU.ActiveCfg = Debug|Any CPU
		{BC3BAA63-5349-4772-AD21-490DE4A8AC02}.Debug|Any CPU.Build.0 = Debug|Any CPU
		{BC3BAA63-5349-4772-AD21-490DE4A8AC02}.Release|Any CPU.ActiveCfg = Release|Any CPU
		{BC3BAA63-5349-4772-AD21-490DE4A8AC02}.Release|Any CPU.Build.0 = Release|Any CPU
		{936F49A1-C63B-4CD4-A1B0-4CA46441C00F}.Debug|Any CPU.ActiveCfg = Debug|Any CPU
		{936F49A1-C63B-4CD4-A1B0-4CA46441C00F}.Debug|Any CPU.Build.0 = Debug|Any CPU
		{936F49A1-C63B-4CD4-A1B0-4CA46441C00F}.Release|Any CPU.ActiveCfg = Release|Any CPU
		{936F49A1-C63B-4CD4-A1B0-4CA46441C00F}.Release|Any CPU.Build.0 = Release|Any CPU
	EndGlobalSection
	GlobalSection(SolutionProperties) = preSolution
		HideSolutionNode = FALSE
	EndGlobalSection
	GlobalSection(ExtensibilityGlobals) = postSolution
		SolutionGuid = {13570C9C-A53C-4EE0-831D-C643200FB3C7}
	EndGlobalSection
EndGlobal
